// !$*UTF8*$!
{
	archiveVersion = 1;
	classes = {
	};
	objectVersion = 54;
	objects = {

/* Begin PBXBuildFile section */
		00E356F31AD99517003FC87E /* CalibrateTests.m in Sources */ = {isa = PBXBuildFile; fileRef = 00E356F21AD99517003FC87E /* CalibrateTests.m */; };
		0C80B921A6F3F58F76C31292 /* libPods-Calibrate.a in Frameworks */ = {isa = PBXBuildFile; fileRef = 5DCACB8F33CDC322A6C60F78 /* libPods-Calibrate.a */; };
		13B07FBC1A68108700A75B9A /* AppDelegate.mm in Sources */ = {isa = PBXBuildFile; fileRef = 13B07FB01A68108700A75B9A /* AppDelegate.mm */; };
		13B07FBF1A68108700A75B9A /* Images.xcassets in Resources */ = {isa = PBXBuildFile; fileRef = 13B07FB51A68108700A75B9A /* Images.xcassets */; };
		13B07FC11A68108700A75B9A /* main.m in Sources */ = {isa = PBXBuildFile; fileRef = 13B07FB71A68108700A75B9A /* main.m */; };
		7699B88040F8A987B510C191 /* libPods-Calibrate-CalibrateTests.a in Frameworks */ = {isa = PBXBuildFile; fileRef = 19F6CBCC0A4E27FBF8BF4A61 /* libPods-Calibrate-CalibrateTests.a */; };
		81AB9BB82411601600AC10FF /* LaunchScreen.storyboard in Resources */ = {isa = PBXBuildFile; fileRef = 81AB9BB72411601600AC10FF /* LaunchScreen.storyboard */; };
		B8353360438C4D6AAA750585 /* Nunito-Black.ttf in Resources */ = {isa = PBXBuildFile; fileRef = 66C4B9F633C845D2A5D6D01C /* Nunito-Black.ttf */; };
		EF6B0F0F2D334163A141BA6E /* Nunito-BlackItalic.ttf in Resources */ = {isa = PBXBuildFile; fileRef = 57F694D4C40743E8BA7D397C /* Nunito-BlackItalic.ttf */; };
		F59ECF3DC97042D09BB46B45 /* Nunito-Bold.ttf in Resources */ = {isa = PBXBuildFile; fileRef = 3DE4CC44473D4A88AE589ED1 /* Nunito-Bold.ttf */; };
		F143C1A677E34D83BC375894 /* Nunito-BoldItalic.ttf in Resources */ = {isa = PBXBuildFile; fileRef = 5AB0E86808ED4745B5E84E04 /* Nunito-BoldItalic.ttf */; };
		93B99696DEC445588B537FA1 /* Nunito-ExtraBold.ttf in Resources */ = {isa = PBXBuildFile; fileRef = 88B7FB924DB24F5796DF0CA5 /* Nunito-ExtraBold.ttf */; };
		1546DF2CAE62405BBBC49495 /* Nunito-ExtraBoldItalic.ttf in Resources */ = {isa = PBXBuildFile; fileRef = 5E506ED9BF5A4DEBB4882B35 /* Nunito-ExtraBoldItalic.ttf */; };
		51B943189C854EA9A5B84910 /* Nunito-ExtraLight.ttf in Resources */ = {isa = PBXBuildFile; fileRef = 673271DE01734315B7C2E256 /* Nunito-ExtraLight.ttf */; };
		A25DCFFF70F449E882724152 /* Nunito-ExtraLightItalic.ttf in Resources */ = {isa = PBXBuildFile; fileRef = 584D43E85031468089565AF4 /* Nunito-ExtraLightItalic.ttf */; };
		84B8CEA3B3AF4E1EAFAA8108 /* Nunito-Italic-VariableFont_wght.ttf in Resources */ = {isa = PBXBuildFile; fileRef = CABCDD48215A4B0AB996C53B /* Nunito-Italic-VariableFont_wght.ttf */; };
		8D85FB6C2A8A4FE6836B3ED4 /* Nunito-Italic.ttf in Resources */ = {isa = PBXBuildFile; fileRef = E72C1128E87946938DF64C7E /* Nunito-Italic.ttf */; };
		DD5730DB9DCD4FF09EA804C2 /* Nunito-Light.ttf in Resources */ = {isa = PBXBuildFile; fileRef = D4E65E786D574833A39A1C66 /* Nunito-Light.ttf */; };
		9DE7077709D74A3E939DFADC /* Nunito-LightItalic.ttf in Resources */ = {isa = PBXBuildFile; fileRef = E4BC9C27B57B4D5EA61B1B66 /* Nunito-LightItalic.ttf */; };
		A78F0078812A447C9E9E7AEA /* Nunito-Medium.ttf in Resources */ = {isa = PBXBuildFile; fileRef = 8E3F07F61EC64BDAA16F52C8 /* Nunito-Medium.ttf */; };
		BD534CF99AEC41A1A53E05B6 /* Nunito-MediumItalic.ttf in Resources */ = {isa = PBXBuildFile; fileRef = E5D904632D3043C0BCC5CA5F /* Nunito-MediumItalic.ttf */; };
		57C73F617A6948B9A38D6E38 /* Nunito-Regular.ttf in Resources */ = {isa = PBXBuildFile; fileRef = 3E7F8C1B3BA941D88173DE92 /* Nunito-Regular.ttf */; };
		62031E2D4E624DC6801078A4 /* Nunito-SemiBold.ttf in Resources */ = {isa = PBXBuildFile; fileRef = BB8DBE01D88E4ABCAE794A93 /* Nunito-SemiBold.ttf */; };
		24D99FA054244E53B2E4B14D /* Nunito-SemiBoldItalic.ttf in Resources */ = {isa = PBXBuildFile; fileRef = 6B336A89FFF1489090914F7E /* Nunito-SemiBoldItalic.ttf */; };
		85891CA5CFE24353B656565A /* Nunito-VariableFont_wght.ttf in Resources */ = {isa = PBXBuildFile; fileRef = D1D36801AA1944D3A10A4B7D /* Nunito-VariableFont_wght.ttf */; };
		98CEFE792AB542B89BD2FE64 /* Poppins-Black.ttf in Resources */ = {isa = PBXBuildFile; fileRef = 02ADE6E4BFA84AA99D30BAEE /* Poppins-Black.ttf */; };
		47A87C39A77B4EEA8EFAFC32 /* Poppins-BlackItalic.ttf in Resources */ = {isa = PBXBuildFile; fileRef = 67EE024C5ED041AA9A0A84A7 /* Poppins-BlackItalic.ttf */; };
		A0733A466FAB46D4ACFDE6AA /* Poppins-Bold.ttf in Resources */ = {isa = PBXBuildFile; fileRef = FD6BBCCBFA9E4145A82E7E26 /* Poppins-Bold.ttf */; };
		A1BA24B1449A471FAD596D96 /* Poppins-BoldItalic.ttf in Resources */ = {isa = PBXBuildFile; fileRef = BA8AC1ACBD1A48E880C52744 /* Poppins-BoldItalic.ttf */; };
		8A455B308A8C4F66A7850BA0 /* Poppins-ExtraBold.ttf in Resources */ = {isa = PBXBuildFile; fileRef = D9595A89DF01414CBB0F9ACF /* Poppins-ExtraBold.ttf */; };
		55D6FA291CA04225A26DFE81 /* Poppins-ExtraBoldItalic.ttf in Resources */ = {isa = PBXBuildFile; fileRef = 3EF694B8EFE94C7F821DA80F /* Poppins-ExtraBoldItalic.ttf */; };
		C13186C1952948968D6A28CE /* Poppins-ExtraLight.ttf in Resources */ = {isa = PBXBuildFile; fileRef = 1E2D87F4F535470CB85C6BB8 /* Poppins-ExtraLight.ttf */; };
		A71F85B708624EA1BAEDF8AE /* Poppins-ExtraLightItalic.ttf in Resources */ = {isa = PBXBuildFile; fileRef = 2533C5A21CFE4D75BF6183F0 /* Poppins-ExtraLightItalic.ttf */; };
		458D6155070544CEBA516166 /* Poppins-Italic.ttf in Resources */ = {isa = PBXBuildFile; fileRef = 79D82B70225B42E1B4D29007 /* Poppins-Italic.ttf */; };
		80140336865F4F7C8BA46452 /* Poppins-Light.ttf in Resources */ = {isa = PBXBuildFile; fileRef = EE1335846EAF45C68E89951E /* Poppins-Light.ttf */; };
		1A703CF009C84F099D15FC69 /* Poppins-LightItalic.ttf in Resources */ = {isa = PBXBuildFile; fileRef = 49A7BE60FDD745BB82B51FB7 /* Poppins-LightItalic.ttf */; };
		0224C620C2C14336AEB67CC4 /* Poppins-Medium.ttf in Resources */ = {isa = PBXBuildFile; fileRef = BF382E33684F44BD980F7598 /* Poppins-Medium.ttf */; };
		037BFA714ADF4EA3A5C42D5A /* Poppins-MediumItalic.ttf in Resources */ = {isa = PBXBuildFile; fileRef = 49BE057E3AB844058988330F /* Poppins-MediumItalic.ttf */; };
		851E10F184F647C4945FF56F /* Poppins-Regular.ttf in Resources */ = {isa = PBXBuildFile; fileRef = EF1422F1CEA04E1399A93EBD /* Poppins-Regular.ttf */; };
		AFE895B12A964440AC2F436D /* Poppins-SemiBold.ttf in Resources */ = {isa = PBXBuildFile; fileRef = 4AE504C3A9754D449A1BE811 /* Poppins-SemiBold.ttf */; };
		632A78A1518E46B9909E5C58 /* Poppins-SemiBoldItalic.ttf in Resources */ = {isa = PBXBuildFile; fileRef = FB09FBD7B0754747920E7AEF /* Poppins-SemiBoldItalic.ttf */; };
		398515DCFCFB47E7AB5EF572 /* Poppins-Thin.ttf in Resources */ = {isa = PBXBuildFile; fileRef = E5AEC6D13A004950BC2BF03D /* Poppins-Thin.ttf */; };
		4D0043CCF9A7419FAA6726DF /* Poppins-ThinItalic.ttf in Resources */ = {isa = PBXBuildFile; fileRef = 4AA8F0A6A59345C085E5ADF4 /* Poppins-ThinItalic.ttf */; };
		5064468D073F413587A4D1E3 /* OFL.txt in Resources */ = {isa = PBXBuildFile; fileRef = 14C2CAF22CEC42589BE2B2BD /* OFL.txt */; };
		F0D2EDB6A98A440A9EA95A82 /* README.txt in Resources */ = {isa = PBXBuildFile; fileRef = 6231653FC06B429E92706E90 /* README.txt */; };
/* End PBXBuildFile section */

/* Begin PBXContainerItemProxy section */
		00E356F41AD99517003FC87E /* PBXContainerItemProxy */ = {
			isa = PBXContainerItemProxy;
			containerPortal = 83CBB9F71A601CBA00E9B192 /* Project object */;
			proxyType = 1;
			remoteGlobalIDString = 13B07F861A680F5B00A75B9A;
			remoteInfo = Calibrate;
		};
/* End PBXContainerItemProxy section */

/* Begin PBXFileReference section */
		00E356EE1AD99517003FC87E /* CalibrateTests.xctest */ = {isa = PBXFileReference; explicitFileType = wrapper.cfbundle; includeInIndex = 0; path = CalibrateTests.xctest; sourceTree = BUILT_PRODUCTS_DIR; };
		00E356F11AD99517003FC87E /* Info.plist */ = {isa = PBXFileReference; lastKnownFileType = text.plist.xml; path = Info.plist; sourceTree = "<group>"; };
		00E356F21AD99517003FC87E /* CalibrateTests.m */ = {isa = PBXFileReference; lastKnownFileType = sourcecode.c.objc; path = CalibrateTests.m; sourceTree = "<group>"; };
		13B07F961A680F5B00A75B9A /* Calibrate.app */ = {isa = PBXFileReference; explicitFileType = wrapper.application; includeInIndex = 0; path = Calibrate.app; sourceTree = BUILT_PRODUCTS_DIR; };
		13B07FAF1A68108700A75B9A /* AppDelegate.h */ = {isa = PBXFileReference; fileEncoding = 4; lastKnownFileType = sourcecode.c.h; name = AppDelegate.h; path = Calibrate/AppDelegate.h; sourceTree = "<group>"; };
		13B07FB01A68108700A75B9A /* AppDelegate.mm */ = {isa = PBXFileReference; fileEncoding = 4; lastKnownFileType = sourcecode.cpp.objcpp; name = AppDelegate.mm; path = Calibrate/AppDelegate.mm; sourceTree = "<group>"; };
		13B07FB51A68108700A75B9A /* Images.xcassets */ = {isa = PBXFileReference; lastKnownFileType = folder.assetcatalog; name = Images.xcassets; path = Calibrate/Images.xcassets; sourceTree = "<group>"; };
		13B07FB61A68108700A75B9A /* Info.plist */ = {isa = PBXFileReference; fileEncoding = 4; lastKnownFileType = text.plist.xml; name = Info.plist; path = Calibrate/Info.plist; sourceTree = "<group>"; };
		13B07FB71A68108700A75B9A /* main.m */ = {isa = PBXFileReference; fileEncoding = 4; lastKnownFileType = sourcecode.c.objc; name = main.m; path = Calibrate/main.m; sourceTree = "<group>"; };
		19F6CBCC0A4E27FBF8BF4A61 /* libPods-Calibrate-CalibrateTests.a */ = {isa = PBXFileReference; explicitFileType = archive.ar; includeInIndex = 0; path = "libPods-Calibrate-CalibrateTests.a"; sourceTree = BUILT_PRODUCTS_DIR; };
		3B4392A12AC88292D35C810B /* Pods-Calibrate.debug.xcconfig */ = {isa = PBXFileReference; includeInIndex = 1; lastKnownFileType = text.xcconfig; name = "Pods-Calibrate.debug.xcconfig"; path = "Target Support Files/Pods-Calibrate/Pods-Calibrate.debug.xcconfig"; sourceTree = "<group>"; };
		5709B34CF0A7D63546082F79 /* Pods-Calibrate.release.xcconfig */ = {isa = PBXFileReference; includeInIndex = 1; lastKnownFileType = text.xcconfig; name = "Pods-Calibrate.release.xcconfig"; path = "Target Support Files/Pods-Calibrate/Pods-Calibrate.release.xcconfig"; sourceTree = "<group>"; };
		5B7EB9410499542E8C5724F5 /* Pods-Calibrate-CalibrateTests.debug.xcconfig */ = {isa = PBXFileReference; includeInIndex = 1; lastKnownFileType = text.xcconfig; name = "Pods-Calibrate-CalibrateTests.debug.xcconfig"; path = "Target Support Files/Pods-Calibrate-CalibrateTests/Pods-Calibrate-CalibrateTests.debug.xcconfig"; sourceTree = "<group>"; };
		5DCACB8F33CDC322A6C60F78 /* libPods-Calibrate.a */ = {isa = PBXFileReference; explicitFileType = archive.ar; includeInIndex = 0; path = "libPods-Calibrate.a"; sourceTree = BUILT_PRODUCTS_DIR; };
		81AB9BB72411601600AC10FF /* LaunchScreen.storyboard */ = {isa = PBXFileReference; fileEncoding = 4; lastKnownFileType = file.storyboard; name = LaunchScreen.storyboard; path = Calibrate/LaunchScreen.storyboard; sourceTree = "<group>"; };
		89C6BE57DB24E9ADA2F236DE /* Pods-Calibrate-CalibrateTests.release.xcconfig */ = {isa = PBXFileReference; includeInIndex = 1; lastKnownFileType = text.xcconfig; name = "Pods-Calibrate-CalibrateTests.release.xcconfig"; path = "Target Support Files/Pods-Calibrate-CalibrateTests/Pods-Calibrate-CalibrateTests.release.xcconfig"; sourceTree = "<group>"; };
		ED297162215061F000B7C4FE /* JavaScriptCore.framework */ = {isa = PBXFileReference; lastKnownFileType = wrapper.framework; name = JavaScriptCore.framework; path = System/Library/Frameworks/JavaScriptCore.framework; sourceTree = SDKROOT; };
		66C4B9F633C845D2A5D6D01C /* Nunito-Black.ttf */ = {isa = PBXFileReference; name = "Nunito-Black.ttf"; path = "../src/assets/fonts/Nunito/Nunito-Black.ttf"; sourceTree = "<group>"; fileEncoding = undefined; lastKnownFileType = unknown; explicitFileType = undefined; includeInIndex = 0; };
		57F694D4C40743E8BA7D397C /* Nunito-BlackItalic.ttf */ = {isa = PBXFileReference; name = "Nunito-BlackItalic.ttf"; path = "../src/assets/fonts/Nunito/Nunito-BlackItalic.ttf"; sourceTree = "<group>"; fileEncoding = undefined; lastKnownFileType = unknown; explicitFileType = undefined; includeInIndex = 0; };
		3DE4CC44473D4A88AE589ED1 /* Nunito-Bold.ttf */ = {isa = PBXFileReference; name = "Nunito-Bold.ttf"; path = "../src/assets/fonts/Nunito/Nunito-Bold.ttf"; sourceTree = "<group>"; fileEncoding = undefined; lastKnownFileType = unknown; explicitFileType = undefined; includeInIndex = 0; };
		5AB0E86808ED4745B5E84E04 /* Nunito-BoldItalic.ttf */ = {isa = PBXFileReference; name = "Nunito-BoldItalic.ttf"; path = "../src/assets/fonts/Nunito/Nunito-BoldItalic.ttf"; sourceTree = "<group>"; fileEncoding = undefined; lastKnownFileType = unknown; explicitFileType = undefined; includeInIndex = 0; };
		88B7FB924DB24F5796DF0CA5 /* Nunito-ExtraBold.ttf */ = {isa = PBXFileReference; name = "Nunito-ExtraBold.ttf"; path = "../src/assets/fonts/Nunito/Nunito-ExtraBold.ttf"; sourceTree = "<group>"; fileEncoding = undefined; lastKnownFileType = unknown; explicitFileType = undefined; includeInIndex = 0; };
		5E506ED9BF5A4DEBB4882B35 /* Nunito-ExtraBoldItalic.ttf */ = {isa = PBXFileReference; name = "Nunito-ExtraBoldItalic.ttf"; path = "../src/assets/fonts/Nunito/Nunito-ExtraBoldItalic.ttf"; sourceTree = "<group>"; fileEncoding = undefined; lastKnownFileType = unknown; explicitFileType = undefined; includeInIndex = 0; };
		673271DE01734315B7C2E256 /* Nunito-ExtraLight.ttf */ = {isa = PBXFileReference; name = "Nunito-ExtraLight.ttf"; path = "../src/assets/fonts/Nunito/Nunito-ExtraLight.ttf"; sourceTree = "<group>"; fileEncoding = undefined; lastKnownFileType = unknown; explicitFileType = undefined; includeInIndex = 0; };
		584D43E85031468089565AF4 /* Nunito-ExtraLightItalic.ttf */ = {isa = PBXFileReference; name = "Nunito-ExtraLightItalic.ttf"; path = "../src/assets/fonts/Nunito/Nunito-ExtraLightItalic.ttf"; sourceTree = "<group>"; fileEncoding = undefined; lastKnownFileType = unknown; explicitFileType = undefined; includeInIndex = 0; };
		CABCDD48215A4B0AB996C53B /* Nunito-Italic-VariableFont_wght.ttf */ = {isa = PBXFileReference; name = "Nunito-Italic-VariableFont_wght.ttf"; path = "../src/assets/fonts/Nunito/Nunito-Italic-VariableFont_wght.ttf"; sourceTree = "<group>"; fileEncoding = undefined; lastKnownFileType = unknown; explicitFileType = undefined; includeInIndex = 0; };
		E72C1128E87946938DF64C7E /* Nunito-Italic.ttf */ = {isa = PBXFileReference; name = "Nunito-Italic.ttf"; path = "../src/assets/fonts/Nunito/Nunito-Italic.ttf"; sourceTree = "<group>"; fileEncoding = undefined; lastKnownFileType = unknown; explicitFileType = undefined; includeInIndex = 0; };
		D4E65E786D574833A39A1C66 /* Nunito-Light.ttf */ = {isa = PBXFileReference; name = "Nunito-Light.ttf"; path = "../src/assets/fonts/Nunito/Nunito-Light.ttf"; sourceTree = "<group>"; fileEncoding = undefined; lastKnownFileType = unknown; explicitFileType = undefined; includeInIndex = 0; };
		E4BC9C27B57B4D5EA61B1B66 /* Nunito-LightItalic.ttf */ = {isa = PBXFileReference; name = "Nunito-LightItalic.ttf"; path = "../src/assets/fonts/Nunito/Nunito-LightItalic.ttf"; sourceTree = "<group>"; fileEncoding = undefined; lastKnownFileType = unknown; explicitFileType = undefined; includeInIndex = 0; };
		8E3F07F61EC64BDAA16F52C8 /* Nunito-Medium.ttf */ = {isa = PBXFileReference; name = "Nunito-Medium.ttf"; path = "../src/assets/fonts/Nunito/Nunito-Medium.ttf"; sourceTree = "<group>"; fileEncoding = undefined; lastKnownFileType = unknown; explicitFileType = undefined; includeInIndex = 0; };
		E5D904632D3043C0BCC5CA5F /* Nunito-MediumItalic.ttf */ = {isa = PBXFileReference; name = "Nunito-MediumItalic.ttf"; path = "../src/assets/fonts/Nunito/Nunito-MediumItalic.ttf"; sourceTree = "<group>"; fileEncoding = undefined; lastKnownFileType = unknown; explicitFileType = undefined; includeInIndex = 0; };
		3E7F8C1B3BA941D88173DE92 /* Nunito-Regular.ttf */ = {isa = PBXFileReference; name = "Nunito-Regular.ttf"; path = "../src/assets/fonts/Nunito/Nunito-Regular.ttf"; sourceTree = "<group>"; fileEncoding = undefined; lastKnownFileType = unknown; explicitFileType = undefined; includeInIndex = 0; };
		BB8DBE01D88E4ABCAE794A93 /* Nunito-SemiBold.ttf */ = {isa = PBXFileReference; name = "Nunito-SemiBold.ttf"; path = "../src/assets/fonts/Nunito/Nunito-SemiBold.ttf"; sourceTree = "<group>"; fileEncoding = undefined; lastKnownFileType = unknown; explicitFileType = undefined; includeInIndex = 0; };
		6B336A89FFF1489090914F7E /* Nunito-SemiBoldItalic.ttf */ = {isa = PBXFileReference; name = "Nunito-SemiBoldItalic.ttf"; path = "../src/assets/fonts/Nunito/Nunito-SemiBoldItalic.ttf"; sourceTree = "<group>"; fileEncoding = undefined; lastKnownFileType = unknown; explicitFileType = undefined; includeInIndex = 0; };
		D1D36801AA1944D3A10A4B7D /* Nunito-VariableFont_wght.ttf */ = {isa = PBXFileReference; name = "Nunito-VariableFont_wght.ttf"; path = "../src/assets/fonts/Nunito/Nunito-VariableFont_wght.ttf"; sourceTree = "<group>"; fileEncoding = undefined; lastKnownFileType = unknown; explicitFileType = undefined; includeInIndex = 0; };
		02ADE6E4BFA84AA99D30BAEE /* Poppins-Black.ttf */ = {isa = PBXFileReference; name = "Poppins-Black.ttf"; path = "../src/assets/fonts/Poppins/Poppins-Black.ttf"; sourceTree = "<group>"; fileEncoding = undefined; lastKnownFileType = unknown; explicitFileType = undefined; includeInIndex = 0; };
		67EE024C5ED041AA9A0A84A7 /* Poppins-BlackItalic.ttf */ = {isa = PBXFileReference; name = "Poppins-BlackItalic.ttf"; path = "../src/assets/fonts/Poppins/Poppins-BlackItalic.ttf"; sourceTree = "<group>"; fileEncoding = undefined; lastKnownFileType = unknown; explicitFileType = undefined; includeInIndex = 0; };
		FD6BBCCBFA9E4145A82E7E26 /* Poppins-Bold.ttf */ = {isa = PBXFileReference; name = "Poppins-Bold.ttf"; path = "../src/assets/fonts/Poppins/Poppins-Bold.ttf"; sourceTree = "<group>"; fileEncoding = undefined; lastKnownFileType = unknown; explicitFileType = undefined; includeInIndex = 0; };
		BA8AC1ACBD1A48E880C52744 /* Poppins-BoldItalic.ttf */ = {isa = PBXFileReference; name = "Poppins-BoldItalic.ttf"; path = "../src/assets/fonts/Poppins/Poppins-BoldItalic.ttf"; sourceTree = "<group>"; fileEncoding = undefined; lastKnownFileType = unknown; explicitFileType = undefined; includeInIndex = 0; };
		D9595A89DF01414CBB0F9ACF /* Poppins-ExtraBold.ttf */ = {isa = PBXFileReference; name = "Poppins-ExtraBold.ttf"; path = "../src/assets/fonts/Poppins/Poppins-ExtraBold.ttf"; sourceTree = "<group>"; fileEncoding = undefined; lastKnownFileType = unknown; explicitFileType = undefined; includeInIndex = 0; };
		3EF694B8EFE94C7F821DA80F /* Poppins-ExtraBoldItalic.ttf */ = {isa = PBXFileReference; name = "Poppins-ExtraBoldItalic.ttf"; path = "../src/assets/fonts/Poppins/Poppins-ExtraBoldItalic.ttf"; sourceTree = "<group>"; fileEncoding = undefined; lastKnownFileType = unknown; explicitFileType = undefined; includeInIndex = 0; };
		1E2D87F4F535470CB85C6BB8 /* Poppins-ExtraLight.ttf */ = {isa = PBXFileReference; name = "Poppins-ExtraLight.ttf"; path = "../src/assets/fonts/Poppins/Poppins-ExtraLight.ttf"; sourceTree = "<group>"; fileEncoding = undefined; lastKnownFileType = unknown; explicitFileType = undefined; includeInIndex = 0; };
		2533C5A21CFE4D75BF6183F0 /* Poppins-ExtraLightItalic.ttf */ = {isa = PBXFileReference; name = "Poppins-ExtraLightItalic.ttf"; path = "../src/assets/fonts/Poppins/Poppins-ExtraLightItalic.ttf"; sourceTree = "<group>"; fileEncoding = undefined; lastKnownFileType = unknown; explicitFileType = undefined; includeInIndex = 0; };
		79D82B70225B42E1B4D29007 /* Poppins-Italic.ttf */ = {isa = PBXFileReference; name = "Poppins-Italic.ttf"; path = "../src/assets/fonts/Poppins/Poppins-Italic.ttf"; sourceTree = "<group>"; fileEncoding = undefined; lastKnownFileType = unknown; explicitFileType = undefined; includeInIndex = 0; };
		EE1335846EAF45C68E89951E /* Poppins-Light.ttf */ = {isa = PBXFileReference; name = "Poppins-Light.ttf"; path = "../src/assets/fonts/Poppins/Poppins-Light.ttf"; sourceTree = "<group>"; fileEncoding = undefined; lastKnownFileType = unknown; explicitFileType = undefined; includeInIndex = 0; };
		49A7BE60FDD745BB82B51FB7 /* Poppins-LightItalic.ttf */ = {isa = PBXFileReference; name = "Poppins-LightItalic.ttf"; path = "../src/assets/fonts/Poppins/Poppins-LightItalic.ttf"; sourceTree = "<group>"; fileEncoding = undefined; lastKnownFileType = unknown; explicitFileType = undefined; includeInIndex = 0; };
		BF382E33684F44BD980F7598 /* Poppins-Medium.ttf */ = {isa = PBXFileReference; name = "Poppins-Medium.ttf"; path = "../src/assets/fonts/Poppins/Poppins-Medium.ttf"; sourceTree = "<group>"; fileEncoding = undefined; lastKnownFileType = unknown; explicitFileType = undefined; includeInIndex = 0; };
		49BE057E3AB844058988330F /* Poppins-MediumItalic.ttf */ = {isa = PBXFileReference; name = "Poppins-MediumItalic.ttf"; path = "../src/assets/fonts/Poppins/Poppins-MediumItalic.ttf"; sourceTree = "<group>"; fileEncoding = undefined; lastKnownFileType = unknown; explicitFileType = undefined; includeInIndex = 0; };
		EF1422F1CEA04E1399A93EBD /* Poppins-Regular.ttf */ = {isa = PBXFileReference; name = "Poppins-Regular.ttf"; path = "../src/assets/fonts/Poppins/Poppins-Regular.ttf"; sourceTree = "<group>"; fileEncoding = undefined; lastKnownFileType = unknown; explicitFileType = undefined; includeInIndex = 0; };
		4AE504C3A9754D449A1BE811 /* Poppins-SemiBold.ttf */ = {isa = PBXFileReference; name = "Poppins-SemiBold.ttf"; path = "../src/assets/fonts/Poppins/Poppins-SemiBold.ttf"; sourceTree = "<group>"; fileEncoding = undefined; lastKnownFileType = unknown; explicitFileType = undefined; includeInIndex = 0; };
		FB09FBD7B0754747920E7AEF /* Poppins-SemiBoldItalic.ttf */ = {isa = PBXFileReference; name = "Poppins-SemiBoldItalic.ttf"; path = "../src/assets/fonts/Poppins/Poppins-SemiBoldItalic.ttf"; sourceTree = "<group>"; fileEncoding = undefined; lastKnownFileType = unknown; explicitFileType = undefined; includeInIndex = 0; };
		E5AEC6D13A004950BC2BF03D /* Poppins-Thin.ttf */ = {isa = PBXFileReference; name = "Poppins-Thin.ttf"; path = "../src/assets/fonts/Poppins/Poppins-Thin.ttf"; sourceTree = "<group>"; fileEncoding = undefined; lastKnownFileType = unknown; explicitFileType = undefined; includeInIndex = 0; };
		4AA8F0A6A59345C085E5ADF4 /* Poppins-ThinItalic.ttf */ = {isa = PBXFileReference; name = "Poppins-ThinItalic.ttf"; path = "../src/assets/fonts/Poppins/Poppins-ThinItalic.ttf"; sourceTree = "<group>"; fileEncoding = undefined; lastKnownFileType = unknown; explicitFileType = undefined; includeInIndex = 0; };
		14C2CAF22CEC42589BE2B2BD /* OFL.txt */ = {isa = PBXFileReference; name = "OFL.txt"; path = "../src/assets/fonts/Nunito/OFL.txt"; sourceTree = "<group>"; fileEncoding = undefined; lastKnownFileType = unknown; explicitFileType = undefined; includeInIndex = 0; };
		6231653FC06B429E92706E90 /* README.txt */ = {isa = PBXFileReference; name = "README.txt"; path = "../src/assets/fonts/Nunito/README.txt"; sourceTree = "<group>"; fileEncoding = undefined; lastKnownFileType = unknown; explicitFileType = undefined; includeInIndex = 0; };
/* End PBXFileReference section */

/* Begin PBXFrameworksBuildPhase section */
		00E356EB1AD99517003FC87E /* Frameworks */ = {
			isa = PBXFrameworksBuildPhase;
			buildActionMask = 2147483647;
			files = (
				7699B88040F8A987B510C191 /* libPods-Calibrate-CalibrateTests.a in Frameworks */,
			);
			runOnlyForDeploymentPostprocessing = 0;
		};
		13B07F8C1A680F5B00A75B9A /* Frameworks */ = {
			isa = PBXFrameworksBuildPhase;
			buildActionMask = 2147483647;
			files = (
				0C80B921A6F3F58F76C31292 /* libPods-Calibrate.a in Frameworks */,
			);
			runOnlyForDeploymentPostprocessing = 0;
		};
/* End PBXFrameworksBuildPhase section */

/* Begin PBXGroup section */
		00E356EF1AD99517003FC87E /* CalibrateTests */ = {
			isa = PBXGroup;
			children = (
				00E356F21AD99517003FC87E /* CalibrateTests.m */,
				00E356F01AD99517003FC87E /* Supporting Files */,
			);
			path = CalibrateTests;
			sourceTree = "<group>";
		};
		00E356F01AD99517003FC87E /* Supporting Files */ = {
			isa = PBXGroup;
			children = (
				00E356F11AD99517003FC87E /* Info.plist */,
			);
			name = "Supporting Files";
			sourceTree = "<group>";
		};
		13B07FAE1A68108700A75B9A /* Calibrate */ = {
			isa = PBXGroup;
			children = (
				13B07FAF1A68108700A75B9A /* AppDelegate.h */,
				13B07FB01A68108700A75B9A /* AppDelegate.mm */,
				13B07FB51A68108700A75B9A /* Images.xcassets */,
				13B07FB61A68108700A75B9A /* Info.plist */,
				81AB9BB72411601600AC10FF /* LaunchScreen.storyboard */,
				13B07FB71A68108700A75B9A /* main.m */,
			);
			name = Calibrate;
			sourceTree = "<group>";
		};
		2D16E6871FA4F8E400B85C8A /* Frameworks */ = {
			isa = PBXGroup;
			children = (
				ED297162215061F000B7C4FE /* JavaScriptCore.framework */,
				5DCACB8F33CDC322A6C60F78 /* libPods-Calibrate.a */,
				19F6CBCC0A4E27FBF8BF4A61 /* libPods-Calibrate-CalibrateTests.a */,
			);
			name = Frameworks;
			sourceTree = "<group>";
		};
		832341AE1AAA6A7D00B99B32 /* Libraries */ = {
			isa = PBXGroup;
			children = (
			);
			name = Libraries;
			sourceTree = "<group>";
		};
		83CBB9F61A601CBA00E9B192 = {
			isa = PBXGroup;
			children = (
				13B07FAE1A68108700A75B9A /* Calibrate */,
				832341AE1AAA6A7D00B99B32 /* Libraries */,
				00E356EF1AD99517003FC87E /* CalibrateTests */,
				83CBBA001A601CBA00E9B192 /* Products */,
				2D16E6871FA4F8E400B85C8A /* Frameworks */,
				BBD78D7AC51CEA395F1C20DB /* Pods */,
				5EB817DD4BB54CE7BD4DA047 /* Resources */,
			);
			indentWidth = 2;
			sourceTree = "<group>";
			tabWidth = 2;
			usesTabs = 0;
		};
		83CBBA001A601CBA00E9B192 /* Products */ = {
			isa = PBXGroup;
			children = (
				13B07F961A680F5B00A75B9A /* Calibrate.app */,
				00E356EE1AD99517003FC87E /* CalibrateTests.xctest */,
			);
			name = Products;
			sourceTree = "<group>";
		};
		BBD78D7AC51CEA395F1C20DB /* Pods */ = {
			isa = PBXGroup;
			children = (
				3B4392A12AC88292D35C810B /* Pods-Calibrate.debug.xcconfig */,
				5709B34CF0A7D63546082F79 /* Pods-Calibrate.release.xcconfig */,
				5B7EB9410499542E8C5724F5 /* Pods-Calibrate-CalibrateTests.debug.xcconfig */,
				89C6BE57DB24E9ADA2F236DE /* Pods-Calibrate-CalibrateTests.release.xcconfig */,
			);
			path = Pods;
			sourceTree = "<group>";
		};
		5EB817DD4BB54CE7BD4DA047 /* Resources */ = {
			isa = "PBXGroup";
			children = (
				66C4B9F633C845D2A5D6D01C /* Nunito-Black.ttf */,
				57F694D4C40743E8BA7D397C /* Nunito-BlackItalic.ttf */,
				3DE4CC44473D4A88AE589ED1 /* Nunito-Bold.ttf */,
				5AB0E86808ED4745B5E84E04 /* Nunito-BoldItalic.ttf */,
				88B7FB924DB24F5796DF0CA5 /* Nunito-ExtraBold.ttf */,
				5E506ED9BF5A4DEBB4882B35 /* Nunito-ExtraBoldItalic.ttf */,
				673271DE01734315B7C2E256 /* Nunito-ExtraLight.ttf */,
				584D43E85031468089565AF4 /* Nunito-ExtraLightItalic.ttf */,
				CABCDD48215A4B0AB996C53B /* Nunito-Italic-VariableFont_wght.ttf */,
				E72C1128E87946938DF64C7E /* Nunito-Italic.ttf */,
				D4E65E786D574833A39A1C66 /* Nunito-Light.ttf */,
				E4BC9C27B57B4D5EA61B1B66 /* Nunito-LightItalic.ttf */,
				8E3F07F61EC64BDAA16F52C8 /* Nunito-Medium.ttf */,
				E5D904632D3043C0BCC5CA5F /* Nunito-MediumItalic.ttf */,
				3E7F8C1B3BA941D88173DE92 /* Nunito-Regular.ttf */,
				BB8DBE01D88E4ABCAE794A93 /* Nunito-SemiBold.ttf */,
				6B336A89FFF1489090914F7E /* Nunito-SemiBoldItalic.ttf */,
				D1D36801AA1944D3A10A4B7D /* Nunito-VariableFont_wght.ttf */,
				02ADE6E4BFA84AA99D30BAEE /* Poppins-Black.ttf */,
				67EE024C5ED041AA9A0A84A7 /* Poppins-BlackItalic.ttf */,
				FD6BBCCBFA9E4145A82E7E26 /* Poppins-Bold.ttf */,
				BA8AC1ACBD1A48E880C52744 /* Poppins-BoldItalic.ttf */,
				D9595A89DF01414CBB0F9ACF /* Poppins-ExtraBold.ttf */,
				3EF694B8EFE94C7F821DA80F /* Poppins-ExtraBoldItalic.ttf */,
				1E2D87F4F535470CB85C6BB8 /* Poppins-ExtraLight.ttf */,
				2533C5A21CFE4D75BF6183F0 /* Poppins-ExtraLightItalic.ttf */,
				79D82B70225B42E1B4D29007 /* Poppins-Italic.ttf */,
				EE1335846EAF45C68E89951E /* Poppins-Light.ttf */,
				49A7BE60FDD745BB82B51FB7 /* Poppins-LightItalic.ttf */,
				BF382E33684F44BD980F7598 /* Poppins-Medium.ttf */,
				49BE057E3AB844058988330F /* Poppins-MediumItalic.ttf */,
				EF1422F1CEA04E1399A93EBD /* Poppins-Regular.ttf */,
				4AE504C3A9754D449A1BE811 /* Poppins-SemiBold.ttf */,
				FB09FBD7B0754747920E7AEF /* Poppins-SemiBoldItalic.ttf */,
				E5AEC6D13A004950BC2BF03D /* Poppins-Thin.ttf */,
				4AA8F0A6A59345C085E5ADF4 /* Poppins-ThinItalic.ttf */,
				14C2CAF22CEC42589BE2B2BD /* OFL.txt */,
				6231653FC06B429E92706E90 /* README.txt */,
			);
			name = Resources;
			sourceTree = "<group>";
			path = "";
		};
/* End PBXGroup section */

/* Begin PBXNativeTarget section */
		00E356ED1AD99517003FC87E /* CalibrateTests */ = {
			isa = PBXNativeTarget;
			buildConfigurationList = 00E357021AD99517003FC87E /* Build configuration list for PBXNativeTarget "CalibrateTests" */;
			buildPhases = (
				A55EABD7B0C7F3A422A6CC61 /* [CP] Check Pods Manifest.lock */,
				00E356EA1AD99517003FC87E /* Sources */,
				00E356EB1AD99517003FC87E /* Frameworks */,
				00E356EC1AD99517003FC87E /* Resources */,
				C59DA0FBD6956966B86A3779 /* [CP] Embed Pods Frameworks */,
				F6A41C54EA430FDDC6A6ED99 /* [CP] Copy Pods Resources */,
			);
			buildRules = (
			);
			dependencies = (
				00E356F51AD99517003FC87E /* PBXTargetDependency */,
			);
			name = CalibrateTests;
			productName = CalibrateTests;
			productReference = 00E356EE1AD99517003FC87E /* CalibrateTests.xctest */;
			productType = "com.apple.product-type.bundle.unit-test";
		};
		13B07F861A680F5B00A75B9A /* Calibrate */ = {
			isa = PBXNativeTarget;
			buildConfigurationList = 13B07F931A680F5B00A75B9A /* Build configuration list for PBXNativeTarget "Calibrate" */;
			buildPhases = (
				C38B50BA6285516D6DCD4F65 /* [CP] Check Pods Manifest.lock */,
				FD10A7F022414F080027D42C /* Start Packager */,
				13B07F871A680F5B00A75B9A /* Sources */,
				13B07F8C1A680F5B00A75B9A /* Frameworks */,
				13B07F8E1A680F5B00A75B9A /* Resources */,
				00DD1BFF1BD5951E006B06BC /* Bundle React Native code and images */,
				00EEFC60759A1932668264C0 /* [CP] Embed Pods Frameworks */,
				E235C05ADACE081382539298 /* [CP] Copy Pods Resources */,
			);
			buildRules = (
			);
			dependencies = (
			);
			name = Calibrate;
			productName = Calibrate;
			productReference = 13B07F961A680F5B00A75B9A /* Calibrate.app */;
			productType = "com.apple.product-type.application";
		};
/* End PBXNativeTarget section */

/* Begin PBXProject section */
		83CBB9F71A601CBA00E9B192 /* Project object */ = {
			isa = PBXProject;
			attributes = {
				LastUpgradeCheck = 1210;
				TargetAttributes = {
					00E356ED1AD99517003FC87E = {
						CreatedOnToolsVersion = 6.2;
						TestTargetID = 13B07F861A680F5B00A75B9A;
					};
					13B07F861A680F5B00A75B9A = {
						LastSwiftMigration = 1120;
					};
				};
			};
			buildConfigurationList = 83CBB9FA1A601CBA00E9B192 /* Build configuration list for PBXProject "Calibrate" */;
			compatibilityVersion = "Xcode 12.0";
			developmentRegion = en;
			hasScannedForEncodings = 0;
			knownRegions = (
				en,
				Base,
			);
			mainGroup = 83CBB9F61A601CBA00E9B192;
			productRefGroup = 83CBBA001A601CBA00E9B192 /* Products */;
			projectDirPath = "";
			projectRoot = "";
			targets = (
				13B07F861A680F5B00A75B9A /* Calibrate */,
				00E356ED1AD99517003FC87E /* CalibrateTests */,
			);
		};
/* End PBXProject section */

/* Begin PBXResourcesBuildPhase section */
		00E356EC1AD99517003FC87E /* Resources */ = {
			isa = PBXResourcesBuildPhase;
			buildActionMask = 2147483647;
			files = (
			);
			runOnlyForDeploymentPostprocessing = 0;
		};
		13B07F8E1A680F5B00A75B9A /* Resources */ = {
			isa = PBXResourcesBuildPhase;
			buildActionMask = 2147483647;
			files = (
				81AB9BB82411601600AC10FF /* LaunchScreen.storyboard in Resources */,
				13B07FBF1A68108700A75B9A /* Images.xcassets in Resources */,
				B8353360438C4D6AAA750585 /* Nunito-Black.ttf in Resources */,
				EF6B0F0F2D334163A141BA6E /* Nunito-BlackItalic.ttf in Resources */,
				F59ECF3DC97042D09BB46B45 /* Nunito-Bold.ttf in Resources */,
				F143C1A677E34D83BC375894 /* Nunito-BoldItalic.ttf in Resources */,
				93B99696DEC445588B537FA1 /* Nunito-ExtraBold.ttf in Resources */,
				1546DF2CAE62405BBBC49495 /* Nunito-ExtraBoldItalic.ttf in Resources */,
				51B943189C854EA9A5B84910 /* Nunito-ExtraLight.ttf in Resources */,
				A25DCFFF70F449E882724152 /* Nunito-ExtraLightItalic.ttf in Resources */,
				84B8CEA3B3AF4E1EAFAA8108 /* Nunito-Italic-VariableFont_wght.ttf in Resources */,
				8D85FB6C2A8A4FE6836B3ED4 /* Nunito-Italic.ttf in Resources */,
				DD5730DB9DCD4FF09EA804C2 /* Nunito-Light.ttf in Resources */,
				9DE7077709D74A3E939DFADC /* Nunito-LightItalic.ttf in Resources */,
				A78F0078812A447C9E9E7AEA /* Nunito-Medium.ttf in Resources */,
				BD534CF99AEC41A1A53E05B6 /* Nunito-MediumItalic.ttf in Resources */,
				57C73F617A6948B9A38D6E38 /* Nunito-Regular.ttf in Resources */,
				62031E2D4E624DC6801078A4 /* Nunito-SemiBold.ttf in Resources */,
				24D99FA054244E53B2E4B14D /* Nunito-SemiBoldItalic.ttf in Resources */,
				85891CA5CFE24353B656565A /* Nunito-VariableFont_wght.ttf in Resources */,
				98CEFE792AB542B89BD2FE64 /* Poppins-Black.ttf in Resources */,
				47A87C39A77B4EEA8EFAFC32 /* Poppins-BlackItalic.ttf in Resources */,
				A0733A466FAB46D4ACFDE6AA /* Poppins-Bold.ttf in Resources */,
				A1BA24B1449A471FAD596D96 /* Poppins-BoldItalic.ttf in Resources */,
				8A455B308A8C4F66A7850BA0 /* Poppins-ExtraBold.ttf in Resources */,
				55D6FA291CA04225A26DFE81 /* Poppins-ExtraBoldItalic.ttf in Resources */,
				C13186C1952948968D6A28CE /* Poppins-ExtraLight.ttf in Resources */,
				A71F85B708624EA1BAEDF8AE /* Poppins-ExtraLightItalic.ttf in Resources */,
				458D6155070544CEBA516166 /* Poppins-Italic.ttf in Resources */,
				80140336865F4F7C8BA46452 /* Poppins-Light.ttf in Resources */,
				1A703CF009C84F099D15FC69 /* Poppins-LightItalic.ttf in Resources */,
				0224C620C2C14336AEB67CC4 /* Poppins-Medium.ttf in Resources */,
				037BFA714ADF4EA3A5C42D5A /* Poppins-MediumItalic.ttf in Resources */,
				851E10F184F647C4945FF56F /* Poppins-Regular.ttf in Resources */,
				AFE895B12A964440AC2F436D /* Poppins-SemiBold.ttf in Resources */,
				632A78A1518E46B9909E5C58 /* Poppins-SemiBoldItalic.ttf in Resources */,
				398515DCFCFB47E7AB5EF572 /* Poppins-Thin.ttf in Resources */,
				4D0043CCF9A7419FAA6726DF /* Poppins-ThinItalic.ttf in Resources */,
				5064468D073F413587A4D1E3 /* OFL.txt in Resources */,
				F0D2EDB6A98A440A9EA95A82 /* README.txt in Resources */,
			);
			runOnlyForDeploymentPostprocessing = 0;
		};
/* End PBXResourcesBuildPhase section */

/* Begin PBXShellScriptBuildPhase section */
		00DD1BFF1BD5951E006B06BC /* Bundle React Native code and images */ = {
			isa = PBXShellScriptBuildPhase;
			buildActionMask = 2147483647;
			files = (
			);
			inputPaths = (
				"$(SRCROOT)/.xcode.env.local",
				"$(SRCROOT)/.xcode.env",
			);
			name = "Bundle React Native code and images";
			outputPaths = (
			);
			runOnlyForDeploymentPostprocessing = 0;
			shellPath = /bin/sh;
			shellScript = "set -e\n\nWITH_ENVIRONMENT=\"../node_modules/react-native/scripts/xcode/with-environment.sh\"\nREACT_NATIVE_XCODE=\"../node_modules/react-native/scripts/react-native-xcode.sh\"\n\n/bin/sh -c \"$WITH_ENVIRONMENT $REACT_NATIVE_XCODE\"\n";
		};
		00EEFC60759A1932668264C0 /* [CP] Embed Pods Frameworks */ = {
			isa = PBXShellScriptBuildPhase;
			buildActionMask = 2147483647;
			files = (
			);
			inputFileListPaths = (
				"${PODS_ROOT}/Target Support Files/Pods-Calibrate/Pods-Calibrate-frameworks-${CONFIGURATION}-input-files.xcfilelist",
			);
			name = "[CP] Embed Pods Frameworks";
			outputFileListPaths = (
				"${PODS_ROOT}/Target Support Files/Pods-Calibrate/Pods-Calibrate-frameworks-${CONFIGURATION}-output-files.xcfilelist",
			);
			runOnlyForDeploymentPostprocessing = 0;
			shellPath = /bin/sh;
			shellScript = "\"${PODS_ROOT}/Target Support Files/Pods-Calibrate/Pods-Calibrate-frameworks.sh\"\n";
			showEnvVarsInLog = 0;
		};
		A55EABD7B0C7F3A422A6CC61 /* [CP] Check Pods Manifest.lock */ = {
			isa = PBXShellScriptBuildPhase;
			buildActionMask = 2147483647;
			files = (
			);
			inputFileListPaths = (
			);
			inputPaths = (
				"${PODS_PODFILE_DIR_PATH}/Podfile.lock",
				"${PODS_ROOT}/Manifest.lock",
			);
			name = "[CP] Check Pods Manifest.lock";
			outputFileListPaths = (
			);
			outputPaths = (
				"$(DERIVED_FILE_DIR)/Pods-Calibrate-CalibrateTests-checkManifestLockResult.txt",
			);
			runOnlyForDeploymentPostprocessing = 0;
			shellPath = /bin/sh;
			shellScript = "diff \"${PODS_PODFILE_DIR_PATH}/Podfile.lock\" \"${PODS_ROOT}/Manifest.lock\" > /dev/null\nif [ $? != 0 ] ; then\n    # print error to STDERR\n    echo \"error: The sandbox is not in sync with the Podfile.lock. Run 'pod install' or update your CocoaPods installation.\" >&2\n    exit 1\nfi\n# This output is used by Xcode 'outputs' to avoid re-running this script phase.\necho \"SUCCESS\" > \"${SCRIPT_OUTPUT_FILE_0}\"\n";
			showEnvVarsInLog = 0;
		};
		C38B50BA6285516D6DCD4F65 /* [CP] Check Pods Manifest.lock */ = {
			isa = PBXShellScriptBuildPhase;
			buildActionMask = 2147483647;
			files = (
			);
			inputFileListPaths = (
			);
			inputPaths = (
				"${PODS_PODFILE_DIR_PATH}/Podfile.lock",
				"${PODS_ROOT}/Manifest.lock",
			);
			name = "[CP] Check Pods Manifest.lock";
			outputFileListPaths = (
			);
			outputPaths = (
				"$(DERIVED_FILE_DIR)/Pods-Calibrate-checkManifestLockResult.txt",
			);
			runOnlyForDeploymentPostprocessing = 0;
			shellPath = /bin/sh;
			shellScript = "diff \"${PODS_PODFILE_DIR_PATH}/Podfile.lock\" \"${PODS_ROOT}/Manifest.lock\" > /dev/null\nif [ $? != 0 ] ; then\n    # print error to STDERR\n    echo \"error: The sandbox is not in sync with the Podfile.lock. Run 'pod install' or update your CocoaPods installation.\" >&2\n    exit 1\nfi\n# This output is used by Xcode 'outputs' to avoid re-running this script phase.\necho \"SUCCESS\" > \"${SCRIPT_OUTPUT_FILE_0}\"\n";
			showEnvVarsInLog = 0;
		};
		C59DA0FBD6956966B86A3779 /* [CP] Embed Pods Frameworks */ = {
			isa = PBXShellScriptBuildPhase;
			buildActionMask = 2147483647;
			files = (
			);
			inputFileListPaths = (
				"${PODS_ROOT}/Target Support Files/Pods-Calibrate-CalibrateTests/Pods-Calibrate-CalibrateTests-frameworks-${CONFIGURATION}-input-files.xcfilelist",
			);
			name = "[CP] Embed Pods Frameworks";
			outputFileListPaths = (
				"${PODS_ROOT}/Target Support Files/Pods-Calibrate-CalibrateTests/Pods-Calibrate-CalibrateTests-frameworks-${CONFIGURATION}-output-files.xcfilelist",
			);
			runOnlyForDeploymentPostprocessing = 0;
			shellPath = /bin/sh;
			shellScript = "\"${PODS_ROOT}/Target Support Files/Pods-Calibrate-CalibrateTests/Pods-Calibrate-CalibrateTests-frameworks.sh\"\n";
			showEnvVarsInLog = 0;
		};
		E235C05ADACE081382539298 /* [CP] Copy Pods Resources */ = {
			isa = PBXShellScriptBuildPhase;
			buildActionMask = 2147483647;
			files = (
			);
			inputFileListPaths = (
				"${PODS_ROOT}/Target Support Files/Pods-Calibrate/Pods-Calibrate-resources-${CONFIGURATION}-input-files.xcfilelist",
			);
			name = "[CP] Copy Pods Resources";
			outputFileListPaths = (
				"${PODS_ROOT}/Target Support Files/Pods-Calibrate/Pods-Calibrate-resources-${CONFIGURATION}-output-files.xcfilelist",
			);
			runOnlyForDeploymentPostprocessing = 0;
			shellPath = /bin/sh;
			shellScript = "\"${PODS_ROOT}/Target Support Files/Pods-Calibrate/Pods-Calibrate-resources.sh\"\n";
			showEnvVarsInLog = 0;
		};
		F6A41C54EA430FDDC6A6ED99 /* [CP] Copy Pods Resources */ = {
			isa = PBXShellScriptBuildPhase;
			buildActionMask = 2147483647;
			files = (
			);
			inputFileListPaths = (
				"${PODS_ROOT}/Target Support Files/Pods-Calibrate-CalibrateTests/Pods-Calibrate-CalibrateTests-resources-${CONFIGURATION}-input-files.xcfilelist",
			);
			name = "[CP] Copy Pods Resources";
			outputFileListPaths = (
				"${PODS_ROOT}/Target Support Files/Pods-Calibrate-CalibrateTests/Pods-Calibrate-CalibrateTests-resources-${CONFIGURATION}-output-files.xcfilelist",
			);
			runOnlyForDeploymentPostprocessing = 0;
			shellPath = /bin/sh;
			shellScript = "\"${PODS_ROOT}/Target Support Files/Pods-Calibrate-CalibrateTests/Pods-Calibrate-CalibrateTests-resources.sh\"\n";
			showEnvVarsInLog = 0;
		};
		FD10A7F022414F080027D42C /* Start Packager */ = {
			isa = PBXShellScriptBuildPhase;
			buildActionMask = 2147483647;
			files = (
			);
			inputFileListPaths = (
			);
			inputPaths = (
			);
			name = "Start Packager";
			outputFileListPaths = (
			);
			outputPaths = (
			);
			runOnlyForDeploymentPostprocessing = 0;
			shellPath = /bin/sh;
			shellScript = "export RCT_METRO_PORT=\"${RCT_METRO_PORT:=8081}\"\necho \"export RCT_METRO_PORT=${RCT_METRO_PORT}\" > \"${SRCROOT}/../node_modules/react-native/scripts/.packager.env\"\nif [ -z \"${RCT_NO_LAUNCH_PACKAGER+xxx}\" ] ; then\n  if nc -w 5 -z localhost ${RCT_METRO_PORT} ; then\n    if ! curl -s \"http://localhost:${RCT_METRO_PORT}/status\" | grep -q \"packager-status:running\" ; then\n      echo \"Port ${RCT_METRO_PORT} already in use, packager is either not running or not running correctly\"\n      exit 2\n    fi\n  else\n    open \"$SRCROOT/../node_modules/react-native/scripts/launchPackager.command\" || echo \"Can't start packager automatically\"\n  fi\nfi\n";
			showEnvVarsInLog = 0;
		};
/* End PBXShellScriptBuildPhase section */

/* Begin PBXSourcesBuildPhase section */
		00E356EA1AD99517003FC87E /* Sources */ = {
			isa = PBXSourcesBuildPhase;
			buildActionMask = 2147483647;
			files = (
				00E356F31AD99517003FC87E /* CalibrateTests.m in Sources */,
			);
			runOnlyForDeploymentPostprocessing = 0;
		};
		13B07F871A680F5B00A75B9A /* Sources */ = {
			isa = PBXSourcesBuildPhase;
			buildActionMask = 2147483647;
			files = (
				13B07FBC1A68108700A75B9A /* AppDelegate.mm in Sources */,
				13B07FC11A68108700A75B9A /* main.m in Sources */,
			);
			runOnlyForDeploymentPostprocessing = 0;
		};
/* End PBXSourcesBuildPhase section */

/* Begin PBXTargetDependency section */
		00E356F51AD99517003FC87E /* PBXTargetDependency */ = {
			isa = PBXTargetDependency;
			target = 13B07F861A680F5B00A75B9A /* Calibrate */;
			targetProxy = 00E356F41AD99517003FC87E /* PBXContainerItemProxy */;
		};
/* End PBXTargetDependency section */

/* Begin XCBuildConfiguration section */
		00E356F61AD99517003FC87E /* Debug */ = {
			isa = XCBuildConfiguration;
			baseConfigurationReference = 5B7EB9410499542E8C5724F5 /* Pods-Calibrate-CalibrateTests.debug.xcconfig */;
			buildSettings = {
				BUNDLE_LOADER = "$(TEST_HOST)";
				GCC_PREPROCESSOR_DEFINITIONS = (
					"DEBUG=1",
					"$(inherited)",
				);
				INFOPLIST_FILE = CalibrateTests/Info.plist;
				IPHONEOS_DEPLOYMENT_TARGET = 12.4;
				LD_RUNPATH_SEARCH_PATHS = (
					"$(inherited)",
					"@executable_path/Frameworks",
					"@loader_path/Frameworks",
				);
				OTHER_LDFLAGS = (
					"-ObjC",
					"-lc++",
					"$(inherited)",
				);
				PRODUCT_BUNDLE_IDENTIFIER = "org.reactjs.native.example.$(PRODUCT_NAME:rfc1034identifier)";
				PRODUCT_NAME = "$(TARGET_NAME)";
				TEST_HOST = "$(BUILT_PRODUCTS_DIR)/Calibrate.app/Calibrate";
			};
			name = Debug;
		};
		00E356F71AD99517003FC87E /* Release */ = {
			isa = XCBuildConfiguration;
			baseConfigurationReference = 89C6BE57DB24E9ADA2F236DE /* Pods-Calibrate-CalibrateTests.release.xcconfig */;
			buildSettings = {
				BUNDLE_LOADER = "$(TEST_HOST)";
				COPY_PHASE_STRIP = NO;
				INFOPLIST_FILE = CalibrateTests/Info.plist;
				IPHONEOS_DEPLOYMENT_TARGET = 12.4;
				LD_RUNPATH_SEARCH_PATHS = (
					"$(inherited)",
					"@executable_path/Frameworks",
					"@loader_path/Frameworks",
				);
				OTHER_LDFLAGS = (
					"-ObjC",
					"-lc++",
					"$(inherited)",
				);
				PRODUCT_BUNDLE_IDENTIFIER = "org.reactjs.native.example.$(PRODUCT_NAME:rfc1034identifier)";
				PRODUCT_NAME = "$(TARGET_NAME)";
				TEST_HOST = "$(BUILT_PRODUCTS_DIR)/Calibrate.app/Calibrate";
			};
			name = Release;
		};
		13B07F941A680F5B00A75B9A /* Debug */ = {
			isa = XCBuildConfiguration;
			baseConfigurationReference = 3B4392A12AC88292D35C810B /* Pods-Calibrate.debug.xcconfig */;
			buildSettings = {
				ASSETCATALOG_COMPILER_APPICON_NAME = AppIcon;
				CLANG_ENABLE_MODULES = YES;
				CURRENT_PROJECT_VERSION = 1;
				ENABLE_BITCODE = NO;
				INFOPLIST_FILE = Calibrate/Info.plist;
				LD_RUNPATH_SEARCH_PATHS = (
					"$(inherited)",
					"@executable_path/Frameworks",
				);
				MARKETING_VERSION = 1.0;
				OTHER_LDFLAGS = (
					"$(inherited)",
					"-ObjC",
					"-lc++",
				);
				PRODUCT_BUNDLE_IDENTIFIER = "org.reactjs.native.example.$(PRODUCT_NAME:rfc1034identifier)";
				PRODUCT_NAME = Calibrate;
				SWIFT_OPTIMIZATION_LEVEL = "-Onone";
				SWIFT_VERSION = 5.0;
				VERSIONING_SYSTEM = "apple-generic";
			};
			name = Debug;
		};
		13B07F951A680F5B00A75B9A /* Release */ = {
			isa = XCBuildConfiguration;
			baseConfigurationReference = 5709B34CF0A7D63546082F79 /* Pods-Calibrate.release.xcconfig */;
			buildSettings = {
				ASSETCATALOG_COMPILER_APPICON_NAME = AppIcon;
				CLANG_ENABLE_MODULES = YES;
				CURRENT_PROJECT_VERSION = 1;
				INFOPLIST_FILE = Calibrate/Info.plist;
				LD_RUNPATH_SEARCH_PATHS = (
					"$(inherited)",
					"@executable_path/Frameworks",
				);
				MARKETING_VERSION = 1.0;
				OTHER_LDFLAGS = (
					"$(inherited)",
					"-ObjC",
					"-lc++",
				);
				PRODUCT_BUNDLE_IDENTIFIER = "org.reactjs.native.example.$(PRODUCT_NAME:rfc1034identifier)";
				PRODUCT_NAME = Calibrate;
				SWIFT_VERSION = 5.0;
				VERSIONING_SYSTEM = "apple-generic";
			};
			name = Release;
		};
		83CBBA201A601CBA00E9B192 /* Debug */ = {
			isa = XCBuildConfiguration;
			buildSettings = {
				ALWAYS_SEARCH_USER_PATHS = NO;
				CLANG_ANALYZER_LOCALIZABILITY_NONLOCALIZED = YES;
				CLANG_CXX_LANGUAGE_STANDARD = "c++17";
				CLANG_CXX_LIBRARY = "libc++";
				CLANG_ENABLE_MODULES = YES;
				CLANG_ENABLE_OBJC_ARC = YES;
				CLANG_WARN_BLOCK_CAPTURE_AUTORELEASING = YES;
				CLANG_WARN_BOOL_CONVERSION = YES;
				CLANG_WARN_COMMA = YES;
				CLANG_WARN_CONSTANT_CONVERSION = YES;
				CLANG_WARN_DEPRECATED_OBJC_IMPLEMENTATIONS = YES;
				CLANG_WARN_DIRECT_OBJC_ISA_USAGE = YES_ERROR;
				CLANG_WARN_EMPTY_BODY = YES;
				CLANG_WARN_ENUM_CONVERSION = YES;
				CLANG_WARN_INFINITE_RECURSION = YES;
				CLANG_WARN_INT_CONVERSION = YES;
				CLANG_WARN_NON_LITERAL_NULL_CONVERSION = YES;
				CLANG_WARN_OBJC_IMPLICIT_RETAIN_SELF = YES;
				CLANG_WARN_OBJC_LITERAL_CONVERSION = YES;
				CLANG_WARN_OBJC_ROOT_CLASS = YES_ERROR;
				CLANG_WARN_QUOTED_INCLUDE_IN_FRAMEWORK_HEADER = YES;
				CLANG_WARN_RANGE_LOOP_ANALYSIS = YES;
				CLANG_WARN_STRICT_PROTOTYPES = YES;
				CLANG_WARN_SUSPICIOUS_MOVE = YES;
				CLANG_WARN_UNREACHABLE_CODE = YES;
				CLANG_WARN__DUPLICATE_METHOD_MATCH = YES;
				"CODE_SIGN_IDENTITY[sdk=iphoneos*]" = "iPhone Developer";
				COPY_PHASE_STRIP = NO;
				ENABLE_STRICT_OBJC_MSGSEND = YES;
				ENABLE_TESTABILITY = YES;
				"EXCLUDED_ARCHS[sdk=iphonesimulator*]" = "";
				GCC_C_LANGUAGE_STANDARD = gnu99;
				GCC_DYNAMIC_NO_PIC = NO;
				GCC_NO_COMMON_BLOCKS = YES;
				GCC_OPTIMIZATION_LEVEL = 0;
				GCC_PREPROCESSOR_DEFINITIONS = (
					"DEBUG=1",
					"$(inherited)",
				);
				GCC_SYMBOLS_PRIVATE_EXTERN = NO;
				GCC_WARN_64_TO_32_BIT_CONVERSION = YES;
				GCC_WARN_ABOUT_RETURN_TYPE = YES_ERROR;
				GCC_WARN_UNDECLARED_SELECTOR = YES;
				GCC_WARN_UNINITIALIZED_AUTOS = YES_AGGRESSIVE;
				GCC_WARN_UNUSED_FUNCTION = YES;
				GCC_WARN_UNUSED_VARIABLE = YES;
				IPHONEOS_DEPLOYMENT_TARGET = 12.4;
				LD_RUNPATH_SEARCH_PATHS = (
					/usr/lib/swift,
					"$(inherited)",
				);
				LIBRARY_SEARCH_PATHS = (
					"\"$(SDKROOT)/usr/lib/swift\"",
					"\"$(TOOLCHAIN_DIR)/usr/lib/swift/$(PLATFORM_NAME)\"",
					"\"$(inherited)\"",
				);
				MTL_ENABLE_DEBUG_INFO = YES;
				ONLY_ACTIVE_ARCH = YES;
				OTHER_CPLUSPLUSFLAGS = (
					"$(OTHER_CFLAGS)",
					"-DFOLLY_NO_CONFIG",
					"-DFOLLY_MOBILE=1",
					"-DFOLLY_USE_LIBCPP=1",
				);
				SDKROOT = iphoneos;
			};
			name = Debug;
		};
		83CBBA211A601CBA00E9B192 /* Release */ = {
			isa = XCBuildConfiguration;
			buildSettings = {
				ALWAYS_SEARCH_USER_PATHS = NO;
				CLANG_ANALYZER_LOCALIZABILITY_NONLOCALIZED = YES;
				CLANG_CXX_LANGUAGE_STANDARD = "c++17";
				CLANG_CXX_LIBRARY = "libc++";
				CLANG_ENABLE_MODULES = YES;
				CLANG_ENABLE_OBJC_ARC = YES;
				CLANG_WARN_BLOCK_CAPTURE_AUTORELEASING = YES;
				CLANG_WARN_BOOL_CONVERSION = YES;
				CLANG_WARN_COMMA = YES;
				CLANG_WARN_CONSTANT_CONVERSION = YES;
				CLANG_WARN_DEPRECATED_OBJC_IMPLEMENTATIONS = YES;
				CLANG_WARN_DIRECT_OBJC_ISA_USAGE = YES_ERROR;
				CLANG_WARN_EMPTY_BODY = YES;
				CLANG_WARN_ENUM_CONVERSION = YES;
				CLANG_WARN_INFINITE_RECURSION = YES;
				CLANG_WARN_INT_CONVERSION = YES;
				CLANG_WARN_NON_LITERAL_NULL_CONVERSION = YES;
				CLANG_WARN_OBJC_IMPLICIT_RETAIN_SELF = YES;
				CLANG_WARN_OBJC_LITERAL_CONVERSION = YES;
				CLANG_WARN_OBJC_ROOT_CLASS = YES_ERROR;
				CLANG_WARN_QUOTED_INCLUDE_IN_FRAMEWORK_HEADER = YES;
				CLANG_WARN_RANGE_LOOP_ANALYSIS = YES;
				CLANG_WARN_STRICT_PROTOTYPES = YES;
				CLANG_WARN_SUSPICIOUS_MOVE = YES;
				CLANG_WARN_UNREACHABLE_CODE = YES;
				CLANG_WARN__DUPLICATE_METHOD_MATCH = YES;
				"CODE_SIGN_IDENTITY[sdk=iphoneos*]" = "iPhone Developer";
				COPY_PHASE_STRIP = YES;
				ENABLE_NS_ASSERTIONS = NO;
				ENABLE_STRICT_OBJC_MSGSEND = YES;
				"EXCLUDED_ARCHS[sdk=iphonesimulator*]" = "";
				GCC_C_LANGUAGE_STANDARD = gnu99;
				GCC_NO_COMMON_BLOCKS = YES;
				GCC_WARN_64_TO_32_BIT_CONVERSION = YES;
				GCC_WARN_ABOUT_RETURN_TYPE = YES_ERROR;
				GCC_WARN_UNDECLARED_SELECTOR = YES;
				GCC_WARN_UNINITIALIZED_AUTOS = YES_AGGRESSIVE;
				GCC_WARN_UNUSED_FUNCTION = YES;
				GCC_WARN_UNUSED_VARIABLE = YES;
				IPHONEOS_DEPLOYMENT_TARGET = 12.4;
				LD_RUNPATH_SEARCH_PATHS = (
					/usr/lib/swift,
					"$(inherited)",
				);
				LIBRARY_SEARCH_PATHS = (
					"\"$(SDKROOT)/usr/lib/swift\"",
					"\"$(TOOLCHAIN_DIR)/usr/lib/swift/$(PLATFORM_NAME)\"",
					"\"$(inherited)\"",
				);
				MTL_ENABLE_DEBUG_INFO = NO;
				OTHER_CPLUSPLUSFLAGS = (
					"$(OTHER_CFLAGS)",
					"-DFOLLY_NO_CONFIG",
					"-DFOLLY_MOBILE=1",
					"-DFOLLY_USE_LIBCPP=1",
				);
				SDKROOT = iphoneos;
				VALIDATE_PRODUCT = YES;
			};
			name = Release;
		};
/* End XCBuildConfiguration section */

/* Begin XCConfigurationList section */
		00E357021AD99517003FC87E /* Build configuration list for PBXNativeTarget "CalibrateTests" */ = {
			isa = XCConfigurationList;
			buildConfigurations = (
				00E356F61AD99517003FC87E /* Debug */,
				00E356F71AD99517003FC87E /* Release */,
			);
			defaultConfigurationIsVisible = 0;
			defaultConfigurationName = Release;
		};
		13B07F931A680F5B00A75B9A /* Build configuration list for PBXNativeTarget "Calibrate" */ = {
			isa = XCConfigurationList;
			buildConfigurations = (
				13B07F941A680F5B00A75B9A /* Debug */,
				13B07F951A680F5B00A75B9A /* Release */,
			);
			defaultConfigurationIsVisible = 0;
			defaultConfigurationName = Release;
		};
		83CBB9FA1A601CBA00E9B192 /* Build configuration list for PBXProject "Calibrate" */ = {
			isa = XCConfigurationList;
			buildConfigurations = (
				83CBBA201A601CBA00E9B192 /* Debug */,
				83CBBA211A601CBA00E9B192 /* Release */,
			);
			defaultConfigurationIsVisible = 0;
			defaultConfigurationName = Release;
		};
/* End XCConfigurationList section */
	};
	rootObject = 83CBB9F71A601CBA00E9B192 /* Project object */;
}
